
Microsoft Visual Studio Solution File, Format Version 12.00
# Visual Studio 2012
Project("{8BC9CEB8-8B4A-11D0-8D11-00A0C91BC942}") = "Test", "Test\Test.vcxproj", "{09CB449F-5F8D-4192-8AD9-7285AD02714A}"
EndProject
Project("{8BC9CEB8-8B4A-11D0-8D11-00A0C91BC942}") = "CaptureTheFlag", "CaptureTheFlag\CaptureTheFlag.vcxproj", "{03D445E7-E148-43A7-8CBB-C6B3B7D36290}"
EndProject
Global
	GlobalSection(SolutionConfigurationPlatforms) = preSolution
		Debug|Win32 = Debug|Win32
		Release|Win32 = Release|Win32
	EndGlobalSection
	GlobalSection(ProjectConfigurationPlatforms) = postSolution
		{09CB449F-5F8D-4192-8AD9-7285AD02714A}.Debug|Win32.ActiveCfg = Debug|Win32
		{09CB449F-5F8D-4192-8AD9-7285AD02714A}.Debug|Win32.Build.0 = Debug|Win32
		{09CB449F-5F8D-4192-8AD9-7285AD02714A}.Release|Win32.ActiveCfg = Release|Win32
		{09CB449F-5F8D-4192-8AD9-7285AD02714A}.Release|Win32.Build.0 = Release|Win32
		{03D445E7-E148-43A7-8CBB-C6B3B7D36290}.Debug|Win32.ActiveCfg = Debug|Win32
		{03D445E7-E148-43A7-8CBB-C6B3B7D36290}.Debug|Win32.Build.0 = Debug|Win32
		{03D445E7-E148-43A7-8CBB-C6B3B7D36290}.Release|Win32.ActiveCfg = Release|Win32
		{03D445E7-E148-43A7-8CBB-C6B3B7D36290}.Release|Win32.Build.0 = Release|Win32
	EndGlobalSection
	GlobalSection(SolutionProperties) = preSolution
		HideSolutionNode = FALSE
	EndGlobalSection
EndGlobal
